
Microsoft Visual Studio Solution File, Format Version 11.00
# Visual Studio 2010
Project("{FAE04EC0-301F-11D3-BF4B-00C04F79EFBC}") = "AllConcepts", "AllConcepts\AllConcepts.csproj", "{F23A64D1-4A59-48F5-8ED2-E64E8AC9D34C}"
EndProject
Project("{FAE04EC0-301F-11D3-BF4B-00C04F79EFBC}") = "Internal", "Internal\Internal.csproj", "{35D68EE3-BA1F-4E60-B79F-FE40D7867B5B}"
EndProject
Global
	GlobalSection(SolutionConfigurationPlatforms) = preSolution
		Debug|Any CPU = Debug|Any CPU
		Debug|Mixed Platforms = Debug|Mixed Platforms
		Debug|x86 = Debug|x86
		Release|Any CPU = Release|Any CPU
		Release|Mixed Platforms = Release|Mixed Platforms
		Release|x86 = Release|x86
	EndGlobalSection
	GlobalSection(ProjectConfigurationPlatforms) = postSolution
		{F23A64D1-4A59-48F5-8ED2-E64E8AC9D34C}.Debug|Any CPU.ActiveCfg = Debug|x86
		{F23A64D1-4A59-48F5-8ED2-E64E8AC9D34C}.Debug|Mixed Platforms.ActiveCfg = Debug|x86
		{F23A64D1-4A59-48F5-8ED2-E64E8AC9D34C}.Debug|Mixed Platforms.Build.0 = Debug|x86
		{F23A64D1-4A59-48F5-8ED2-E64E8AC9D34C}.Debug|x86.ActiveCfg = Debug|x86
		{F23A64D1-4A59-48F5-8ED2-E64E8AC9D34C}.Debug|x86.Build.0 = Debug|x86
		{F23A64D1-4A59-48F5-8ED2-E64E8AC9D34C}.Release|Any CPU.ActiveCfg = Release|x86
		{F23A64D1-4A59-48F5-8ED2-E64E8AC9D34C}.Release|Mixed Platforms.ActiveCfg = Release|x86
		{F23A64D1-4A59-48F5-8ED2-E64E8AC9D34C}.Release|Mixed Platforms.Build.0 = Release|x86
		{F23A64D1-4A59-48F5-8ED2-E64E8AC9D34C}.Release|x86.ActiveCfg = Release|x86
		{F23A64D1-4A59-48F5-8ED2-E64E8AC9D34C}.Release|x86.Build.0 = Release|x86
		{35D68EE3-BA1F-4E60-B79F-FE40D7867B5B}.Debug|Any CPU.ActiveCfg = Debug|Any CPU
		{35D68EE3-BA1F-4E60-B79F-FE40D7867B5B}.Debug|Any CPU.Build.0 = Debug|Any CPU
		{35D68EE3-BA1F-4E60-B79F-FE40D7867B5B}.Debug|Mixed Platforms.ActiveCfg = Debug|Any CPU
		{35D68EE3-BA1F-4E60-B79F-FE40D7867B5B}.Debug|Mixed Platforms.Build.0 = Debug|Any CPU
		{35D68EE3-BA1F-4E60-B79F-FE40D7867B5B}.Debug|x86.ActiveCfg = Debug|Any CPU
		{35D68EE3-BA1F-4E60-B79F-FE40D7867B5B}.Release|Any CPU.ActiveCfg = Release|Any CPU
		{35D68EE3-BA1F-4E60-B79F-FE40D7867B5B}.Release|Any CPU.Build.0 = Release|Any CPU
		{35D68EE3-BA1F-4E60-B79F-FE40D7867B5B}.Release|Mixed Platforms.ActiveCfg = Release|Any CPU
		{35D68EE3-BA1F-4E60-B79F-FE40D7867B5B}.Release|Mixed Platforms.Build.0 = Release|Any CPU
		{35D68EE3-BA1F-4E60-B79F-FE40D7867B5B}.Release|x86.ActiveCfg = Release|Any CPU
	EndGlobalSection
	GlobalSection(SolutionProperties) = preSolution
		HideSolutionNode = FALSE
	EndGlobalSection
EndGlobal
